
Microsoft Visual Studio Solution File, Format Version 12.00
# Visual Studio Version 17
VisualStudioVersion = 17.5.33530.505
MinimumVisualStudioVersion = 10.0.40219.1
Project("{2150E333-8FDC-42A3-9474-1A3956D46DE8}") = "Source", "Source", "{0C28B916-070B-4F7B-9226-4D9843C2C26D}"
EndProject
Project("{2150E333-8FDC-42A3-9474-1A3956D46DE8}") = "Test", "Test", "{D1E25902-F97D-4839-B6A0-209800653597}"
EndProject
Project("{2150E333-8FDC-42A3-9474-1A3956D46DE8}") = "Cmd", "Cmd", "{7BF220E9-CDD2-4B5D-A1CB-C670AB173B43}"
EndProject
Project("{2150E333-8FDC-42A3-9474-1A3956D46DE8}") = "Api", "Api", "{5DF37703-E833-4F5D-BFC1-CF6226EC8636}"
EndProject
Project("{2150E333-8FDC-42A3-9474-1A3956D46DE8}") = "Providers", "Providers", "{93CE6EA5-5E78-4DB0-BF93-975ED821596B}"
EndProject
Project("{2150E333-8FDC-42A3-9474-1A3956D46DE8}") = "Common", "Common", "{B09C9EA7-0031-4830-95EB-429F01B88AA2}"
EndProject
Project("{2150E333-8FDC-42A3-9474-1A3956D46DE8}") = "3000Magfa", "3000Magfa", "{51CEBF95-5AAB-4DBD-A73E-F5C787464FBE}"
EndProject
Project("{2150E333-8FDC-42A3-9474-1A3956D46DE8}") = "Exceptions", "Exceptions", "{285367D1-B8A3-4775-A653-FEDBAB9239B7}"
EndProject
Project("{2150E333-8FDC-42A3-9474-1A3956D46DE8}") = "EfConfig", "EfConfig", "{D9C981A6-606E-45A1-86C8-15CA5269F71A}"
EndProject
Project("{2150E333-8FDC-42A3-9474-1A3956D46DE8}") = "Entities", "Entities", "{3FD13142-4EDE-45F9-9A5A-47480EB6C6CF}"
EndProject
Project("{2150E333-8FDC-42A3-9474-1A3956D46DE8}") = "Models", "Models", "{6A05A0B6-AD9D-4FDE-A542-BC702D7837B9}"
EndProject
Project("{2150E333-8FDC-42A3-9474-1A3956D46DE8}") = "Migrations", "Migrations", "{E6A67E9C-53FA-4B16-A45A-0538A5269845}"
EndProject
Project("{2150E333-8FDC-42A3-9474-1A3956D46DE8}") = "ModelMappings", "ModelMappings", "{C31A143C-A9DC-4A71-A899-2E60BF133AE2}"
EndProject
Project("{2150E333-8FDC-42A3-9474-1A3956D46DE8}") = "Commands", "Commands", "{7DD40060-25CB-40A4-BB21-B70231C109DD}"
EndProject
Project("{2150E333-8FDC-42A3-9474-1A3956D46DE8}") = "Contracts", "Contracts", "{435161A3-3FE6-4590-B55F-1B11812EA30C}"
EndProject
Project("{2150E333-8FDC-42A3-9474-1A3956D46DE8}") = "Implementations", "Implementations", "{82797A95-41ED-4595-AB90-E50E744D01E7}"
EndProject
Project("{2150E333-8FDC-42A3-9474-1A3956D46DE8}") = "Http", "Http", "{484204BD-C58B-41E1-9F12-EB273461D499}"
EndProject
Project("{2150E333-8FDC-42A3-9474-1A3956D46DE8}") = "Persistance", "Persistance", "{0AE0B8EC-EAE2-4C91-A8E8-AD81C8B7FEFB}"
EndProject
Project("{2150E333-8FDC-42A3-9474-1A3956D46DE8}") = "BaseDomainEntities", "BaseDomainEntities", "{1B0C1EAD-F7EF-4FCE-A41A-DA703D97ED5C}"
EndProject
Project("{2150E333-8FDC-42A3-9474-1A3956D46DE8}") = "Utils", "Utils", "{83D3E736-76AC-4E5F-A362-6C54CBC6B73C}"
EndProject
Project("{2150E333-8FDC-42A3-9474-1A3956D46DE8}") = "Interceptors", "Interceptors", "{62D33696-55A7-4676-B90A-AE7D7529B869}"
EndProject
Project("{2150E333-8FDC-42A3-9474-1A3956D46DE8}") = "Migrations", "Migrations", "{B7031745-3E1F-4F46-8441-E25B8C72BF7E}"
EndProject
Project("{2150E333-8FDC-42A3-9474-1A3956D46DE8}") = "Contexts", "Contexts", "{4666F1FC-E52E-462F-B09D-F7070655C6D3}"
EndProject
Project("{2150E333-8FDC-42A3-9474-1A3956D46DE8}") = "Commands", "Commands", "{4B8A8CAC-7E78-44F4-9CB3-DA9485F83723}"
EndProject
Project("{2150E333-8FDC-42A3-9474-1A3956D46DE8}") = "Queries", "Queries", "{ADCD45A7-24EC-4834-8EA5-FA3B7FF03D51}"
EndProject
Project("{2150E333-8FDC-42A3-9474-1A3956D46DE8}") = "DbSeeder", "DbSeeder", "{DF7B61E3-21B8-4EBC-931D-3AF44FA38686}"
EndProject
Project("{2150E333-8FDC-42A3-9474-1A3956D46DE8}") = "DbLogger", "DbLogger", "{21604555-5F7D-456B-87F2-5450AD57BBD5}"
EndProject
Project("{2150E333-8FDC-42A3-9474-1A3956D46DE8}") = "IntegrationTests", "IntegrationTests", "{14158F3E-B405-4A18-B477-9A1FC554C341}"
EndProject
Project("{2150E333-8FDC-42A3-9474-1A3956D46DE8}") = "UnitTests", "UnitTests", "{FFE55C72-93D2-47ED-8E73-4292285FFAFD}"
EndProject
Project("{2150E333-8FDC-42A3-9474-1A3956D46DE8}") = "Handlers", "Handlers", "{71E38BA7-758C-4B5E-9EB3-D6BD2C16BBF5}"
EndProject
Project("{FAE04EC0-301F-11D3-BF4B-00C04F79EFBC}") = "SmsHub.Api", "SmsHub.Api\SmsHub.Api.csproj", "{C5DF0A93-AD5A-49DA-83B2-456EFF4E88F3}"
EndProject
Project("{FAE04EC0-301F-11D3-BF4B-00C04F79EFBC}") = "SmsHub.Providers", "SmsHub.Providers\SmsHub.Providers.csproj", "{825A9799-1DAC-48B4-97ED-B3840B44CB98}"
EndProject
Project("{FAE04EC0-301F-11D3-BF4B-00C04F79EFBC}") = "SmsHub.Common", "SmsHub.Common\SmsHub.Common.csproj", "{51264788-C2C9-459D-8594-6453D781B460}"
EndProject
Project("{FAE04EC0-301F-11D3-BF4B-00C04F79EFBC}") = "SmsHub.Persistance", "SmsHub.Persistance\SmsHub.Persistance.csproj", "{A90510AA-1853-44A4-A53E-395A38614402}"
EndProject
Global
	GlobalSection(SolutionConfigurationPlatforms) = preSolution
		Debug|Any CPU = Debug|Any CPU
		Release|Any CPU = Release|Any CPU
	EndGlobalSection
	GlobalSection(ProjectConfigurationPlatforms) = postSolution
		{C5DF0A93-AD5A-49DA-83B2-456EFF4E88F3}.Debug|Any CPU.ActiveCfg = Debug|Any CPU
		{C5DF0A93-AD5A-49DA-83B2-456EFF4E88F3}.Debug|Any CPU.Build.0 = Debug|Any CPU
		{C5DF0A93-AD5A-49DA-83B2-456EFF4E88F3}.Release|Any CPU.ActiveCfg = Release|Any CPU
		{C5DF0A93-AD5A-49DA-83B2-456EFF4E88F3}.Release|Any CPU.Build.0 = Release|Any CPU
		{825A9799-1DAC-48B4-97ED-B3840B44CB98}.Debug|Any CPU.ActiveCfg = Debug|Any CPU
		{825A9799-1DAC-48B4-97ED-B3840B44CB98}.Debug|Any CPU.Build.0 = Debug|Any CPU
		{825A9799-1DAC-48B4-97ED-B3840B44CB98}.Release|Any CPU.ActiveCfg = Release|Any CPU
		{825A9799-1DAC-48B4-97ED-B3840B44CB98}.Release|Any CPU.Build.0 = Release|Any CPU
		{51264788-C2C9-459D-8594-6453D781B460}.Debug|Any CPU.ActiveCfg = Debug|Any CPU
		{51264788-C2C9-459D-8594-6453D781B460}.Debug|Any CPU.Build.0 = Debug|Any CPU
		{51264788-C2C9-459D-8594-6453D781B460}.Release|Any CPU.ActiveCfg = Release|Any CPU
		{51264788-C2C9-459D-8594-6453D781B460}.Release|Any CPU.Build.0 = Release|Any CPU
		{A90510AA-1853-44A4-A53E-395A38614402}.Debug|Any CPU.ActiveCfg = Debug|Any CPU
		{A90510AA-1853-44A4-A53E-395A38614402}.Debug|Any CPU.Build.0 = Debug|Any CPU
		{A90510AA-1853-44A4-A53E-395A38614402}.Release|Any CPU.ActiveCfg = Release|Any CPU
		{A90510AA-1853-44A4-A53E-395A38614402}.Release|Any CPU.Build.0 = Release|Any CPU
	EndGlobalSection
	GlobalSection(SolutionProperties) = preSolution
		HideSolutionNode = FALSE
	EndGlobalSection
	GlobalSection(NestedProjects) = preSolution
		{5DF37703-E833-4F5D-BFC1-CF6226EC8636} = {0C28B916-070B-4F7B-9226-4D9843C2C26D}
		{93CE6EA5-5E78-4DB0-BF93-975ED821596B} = {0C28B916-070B-4F7B-9226-4D9843C2C26D}
		{B09C9EA7-0031-4830-95EB-429F01B88AA2} = {0C28B916-070B-4F7B-9226-4D9843C2C26D}
		{51CEBF95-5AAB-4DBD-A73E-F5C787464FBE} = {93CE6EA5-5E78-4DB0-BF93-975ED821596B}
		{285367D1-B8A3-4775-A653-FEDBAB9239B7} = {51CEBF95-5AAB-4DBD-A73E-F5C787464FBE}
		{D9C981A6-606E-45A1-86C8-15CA5269F71A} = {51CEBF95-5AAB-4DBD-A73E-F5C787464FBE}
		{3FD13142-4EDE-45F9-9A5A-47480EB6C6CF} = {51CEBF95-5AAB-4DBD-A73E-F5C787464FBE}
		{6A05A0B6-AD9D-4FDE-A542-BC702D7837B9} = {51CEBF95-5AAB-4DBD-A73E-F5C787464FBE}
		{E6A67E9C-53FA-4B16-A45A-0538A5269845} = {51CEBF95-5AAB-4DBD-A73E-F5C787464FBE}
		{C31A143C-A9DC-4A71-A899-2E60BF133AE2} = {51CEBF95-5AAB-4DBD-A73E-F5C787464FBE}
		{7DD40060-25CB-40A4-BB21-B70231C109DD} = {51CEBF95-5AAB-4DBD-A73E-F5C787464FBE}
		{435161A3-3FE6-4590-B55F-1B11812EA30C} = {7DD40060-25CB-40A4-BB21-B70231C109DD}
		{82797A95-41ED-4595-AB90-E50E744D01E7} = {7DD40060-25CB-40A4-BB21-B70231C109DD}
		{484204BD-C58B-41E1-9F12-EB273461D499} = {51CEBF95-5AAB-4DBD-A73E-F5C787464FBE}
		{0AE0B8EC-EAE2-4C91-A8E8-AD81C8B7FEFB} = {0C28B916-070B-4F7B-9226-4D9843C2C26D}
		{1B0C1EAD-F7EF-4FCE-A41A-DA703D97ED5C} = {0AE0B8EC-EAE2-4C91-A8E8-AD81C8B7FEFB}
		{83D3E736-76AC-4E5F-A362-6C54CBC6B73C} = {0AE0B8EC-EAE2-4C91-A8E8-AD81C8B7FEFB}
		{62D33696-55A7-4676-B90A-AE7D7529B869} = {0AE0B8EC-EAE2-4C91-A8E8-AD81C8B7FEFB}
		{B7031745-3E1F-4F46-8441-E25B8C72BF7E} = {0AE0B8EC-EAE2-4C91-A8E8-AD81C8B7FEFB}
		{4666F1FC-E52E-462F-B09D-F7070655C6D3} = {0AE0B8EC-EAE2-4C91-A8E8-AD81C8B7FEFB}
		{4B8A8CAC-7E78-44F4-9CB3-DA9485F83723} = {4666F1FC-E52E-462F-B09D-F7070655C6D3}
		{ADCD45A7-24EC-4834-8EA5-FA3B7FF03D51} = {4666F1FC-E52E-462F-B09D-F7070655C6D3}
		{DF7B61E3-21B8-4EBC-931D-3AF44FA38686} = {0AE0B8EC-EAE2-4C91-A8E8-AD81C8B7FEFB}
		{21604555-5F7D-456B-87F2-5450AD57BBD5} = {0AE0B8EC-EAE2-4C91-A8E8-AD81C8B7FEFB}
		{14158F3E-B405-4A18-B477-9A1FC554C341} = {D1E25902-F97D-4839-B6A0-209800653597}
		{FFE55C72-93D2-47ED-8E73-4292285FFAFD} = {D1E25902-F97D-4839-B6A0-209800653597}
		{71E38BA7-758C-4B5E-9EB3-D6BD2C16BBF5} = {7DD40060-25CB-40A4-BB21-B70231C109DD}
		{C5DF0A93-AD5A-49DA-83B2-456EFF4E88F3} = {0C28B916-070B-4F7B-9226-4D9843C2C26D}
		{825A9799-1DAC-48B4-97ED-B3840B44CB98} = {0C28B916-070B-4F7B-9226-4D9843C2C26D}
		{51264788-C2C9-459D-8594-6453D781B460} = {51CEBF95-5AAB-4DBD-A73E-F5C787464FBE}
		{A90510AA-1853-44A4-A53E-395A38614402} = {0C28B916-070B-4F7B-9226-4D9843C2C26D}
	EndGlobalSection
	GlobalSection(ExtensibilityGlobals) = postSolution
		SolutionGuid = {7B76544C-4686-41B3-8D63-1F256465FA03}
	EndGlobalSection
EndGlobal
